
Microsoft Visual Studio Solution File, Format Version 12.00
# Visual Studio 2012
Project("{FAE04EC0-301F-11D3-BF4B-00C04F79EFBC}") = "GameServerApplication", "GameServerApplication\GameServerApplication.csproj", "{AE05031F-066E-46BC-A9FE-3375322BA982}"
EndProject
Global
	GlobalSection(SolutionConfigurationPlatforms) = preSolution
		Debug|Any CPU = Debug|Any CPU
		Release|Any CPU = Release|Any CPU
	EndGlobalSection
	GlobalSection(ProjectConfigurationPlatforms) = postSolution
		{AE05031F-066E-46BC-A9FE-3375322BA982}.Debug|Any CPU.ActiveCfg = Debug|Any CPU
		{AE05031F-066E-46BC-A9FE-3375322BA982}.Debug|Any CPU.Build.0 = Debug|Any CPU
		{AE05031F-066E-46BC-A9FE-3375322BA982}.Release|Any CPU.ActiveCfg = Release|Any CPU
		{AE05031F-066E-46BC-A9FE-3375322BA982}.Release|Any CPU.Build.0 = Release|Any CPU
	EndGlobalSection
EndGlobal
